
Microsoft Visual Studio Solution File, Format Version 12.00
# Visual Studio Version 16
VisualStudioVersion = 16.0.30128.74
MinimumVisualStudioVersion = 10.0.40219.1
Project("{FAE04EC0-301F-11D3-BF4B-00C04F79EFBC}") = "Avicola", "Avicola\Avicola.csproj", "{613B969C-6248-42AE-88A4-2BAD61CEFE04}"
EndProject
Global
	GlobalSection(SolutionConfigurationPlatforms) = preSolution
		Debug|Any CPU = Debug|Any CPU
		Release|Any CPU = Release|Any CPU
	EndGlobalSection
	GlobalSection(ProjectConfigurationPlatforms) = postSolution
		{613B969C-6248-42AE-88A4-2BAD61CEFE04}.Debug|Any CPU.ActiveCfg = Debug|Any CPU
		{613B969C-6248-42AE-88A4-2BAD61CEFE04}.Debug|Any CPU.Build.0 = Debug|Any CPU
		{613B969C-6248-42AE-88A4-2BAD61CEFE04}.Release|Any CPU.ActiveCfg = Release|Any CPU
		{613B969C-6248-42AE-88A4-2BAD61CEFE04}.Release|Any CPU.Build.0 = Release|Any CPU
	EndGlobalSection
	GlobalSection(SolutionProperties) = preSolution
		HideSolutionNode = FALSE
	EndGlobalSection
	GlobalSection(ExtensibilityGlobals) = postSolution
		SolutionGuid = {55A3FB30-B1D6-4109-9815-8522AF55FD8C}
	EndGlobalSection
EndGlobal
